
Microsoft Visual Studio Solution File, Format Version 12.00
# Visual Studio Version 16
VisualStudioVersion = 16.0.30011.22
MinimumVisualStudioVersion = 10.0.40219.1
Project("{FAE04EC0-301F-11D3-BF4B-00C04F79EFBC}") = "BillingSystem", "BillingSystem\BillingSystem.csproj", "{D47627A2-0F3A-400F-930E-F49954FE7698}"
EndProject
Global
	GlobalSection(SolutionConfigurationPlatforms) = preSolution
		Debug|Any CPU = Debug|Any CPU
		Release|Any CPU = Release|Any CPU
	EndGlobalSection
	GlobalSection(ProjectConfigurationPlatforms) = postSolution
		{D47627A2-0F3A-400F-930E-F49954FE7698}.Debug|Any CPU.ActiveCfg = Debug|Any CPU
		{D47627A2-0F3A-400F-930E-F49954FE7698}.Debug|Any CPU.Build.0 = Debug|Any CPU
		{D47627A2-0F3A-400F-930E-F49954FE7698}.Release|Any CPU.ActiveCfg = Release|Any CPU
		{D47627A2-0F3A-400F-930E-F49954FE7698}.Release|Any CPU.Build.0 = Release|Any CPU
	EndGlobalSection
	GlobalSection(SolutionProperties) = preSolution
		HideSolutionNode = FALSE
	EndGlobalSection
	GlobalSection(ExtensibilityGlobals) = postSolution
		SolutionGuid = {D2025181-BA0A-4B1C-B4F2-039EF382DB3B}
	EndGlobalSection
EndGlobal
